
Microsoft Visual Studio Solution File, Format Version 12.00
# Visual Studio Version 17
VisualStudioVersion = 17.6.33723.286
MinimumVisualStudioVersion = 10.0.40219.1
Project("{FAE04EC0-301F-11D3-BF4B-00C04F79EFBC}") = "RandomSequenceApp", "RandomSequenceApp.csproj", "{0D683DC4-A7C1-47A8-9D9D-F0CDE20DB1BC}"
EndProject
Global
	GlobalSection(SolutionConfigurationPlatforms) = preSolution
		Debug|Any CPU = Debug|Any CPU
		Release|Any CPU = Release|Any CPU
	EndGlobalSection
	GlobalSection(ProjectConfigurationPlatforms) = postSolution
		{0D683DC4-A7C1-47A8-9D9D-F0CDE20DB1BC}.Debug|Any CPU.ActiveCfg = Debug|Any CPU
		{0D683DC4-A7C1-47A8-9D9D-F0CDE20DB1BC}.Debug|Any CPU.Build.0 = Debug|Any CPU
		{0D683DC4-A7C1-47A8-9D9D-F0CDE20DB1BC}.Release|Any CPU.ActiveCfg = Release|Any CPU
		{0D683DC4-A7C1-47A8-9D9D-F0CDE20DB1BC}.Release|Any CPU.Build.0 = Release|Any CPU
	EndGlobalSection
	GlobalSection(SolutionProperties) = preSolution
		HideSolutionNode = FALSE
	EndGlobalSection
	GlobalSection(ExtensibilityGlobals) = postSolution
		SolutionGuid = {AB155DA3-1362-48CB-851B-F4F3AAAD454B}
	EndGlobalSection
EndGlobal
